
Microsoft Visual Studio Solution File, Format Version 12.00
# Visual Studio 15
VisualStudioVersion = 15.0.27130.2003
MinimumVisualStudioVersion = 10.0.40219.1
Project("{FAE04EC0-301F-11D3-BF4B-00C04F79EFBC}") = "WinFormApp", "SqlConnectorApp\WinFormApp.csproj", "{B285896D-209D-480E-A0FE-D32E740639B6}"
EndProject
Project("{9A19103F-16F7-4668-BE54-9A1E7A4F7556}") = "ConsoleApp", "ConsoleApp\ConsoleApp.csproj", "{4F2CD526-EC57-4589-BAB2-8634DD009766}"
EndProject
Project("{9A19103F-16F7-4668-BE54-9A1E7A4F7556}") = "EFCoreApp", "EFCoreApp\EFCoreApp.csproj", "{E01664CA-BEE6-4C09-9AAD-A97F9C09F5C2}"
EndProject
Project("{9A19103F-16F7-4668-BE54-9A1E7A4F7556}") = "EFCoreMySqlApp", "EFCoreMySqlApp\EFCoreMySqlApp.csproj", "{74B99007-FA69-42F9-9716-52F19B974966}"
EndProject
Project("{9A19103F-16F7-4668-BE54-9A1E7A4F7556}") = "SoapMiddleware", "SoapMiddleware\SoapMiddleware.csproj", "{610F5116-E0B9-4241-A5B1-337CFB233CBF}"
EndProject
Project("{9A19103F-16F7-4668-BE54-9A1E7A4F7556}") = "CaspClient", "CaspClient\CaspClient.csproj", "{BE07F6F2-9EB4-47A2-B8EB-69A291B4325C}"
EndProject
Project("{9A19103F-16F7-4668-BE54-9A1E7A4F7556}") = "IdentityWebApp", "IdentityWebApp\IdentityWebApp.csproj", "{31D9E771-4F3E-49A3-B91F-9CD4B87E233F}"
EndProject
Project("{9A19103F-16F7-4668-BE54-9A1E7A4F7556}") = "SocketServer", "SocketServer\SocketServer.csproj", "{F5B556D6-E48F-4742-8A1A-E1F18DE248F9}"
EndProject
Project("{FAE04EC0-301F-11D3-BF4B-00C04F79EFBC}") = "NetFrameworkConsole", "NetFrameworkConsole\NetFrameworkConsole.csproj", "{B904002D-06BF-48E6-9E48-6FF13A4DFECB}"
EndProject
Global
	GlobalSection(SolutionConfigurationPlatforms) = preSolution
		Debug|Any CPU = Debug|Any CPU
		Release|Any CPU = Release|Any CPU
	EndGlobalSection
	GlobalSection(ProjectConfigurationPlatforms) = postSolution
		{B285896D-209D-480E-A0FE-D32E740639B6}.Debug|Any CPU.ActiveCfg = Debug|Any CPU
		{B285896D-209D-480E-A0FE-D32E740639B6}.Debug|Any CPU.Build.0 = Debug|Any CPU
		{B285896D-209D-480E-A0FE-D32E740639B6}.Release|Any CPU.ActiveCfg = Release|Any CPU
		{B285896D-209D-480E-A0FE-D32E740639B6}.Release|Any CPU.Build.0 = Release|Any CPU
		{4F2CD526-EC57-4589-BAB2-8634DD009766}.Debug|Any CPU.ActiveCfg = Debug|Any CPU
		{4F2CD526-EC57-4589-BAB2-8634DD009766}.Debug|Any CPU.Build.0 = Debug|Any CPU
		{4F2CD526-EC57-4589-BAB2-8634DD009766}.Release|Any CPU.ActiveCfg = Release|Any CPU
		{4F2CD526-EC57-4589-BAB2-8634DD009766}.Release|Any CPU.Build.0 = Release|Any CPU
		{E01664CA-BEE6-4C09-9AAD-A97F9C09F5C2}.Debug|Any CPU.ActiveCfg = Debug|Any CPU
		{E01664CA-BEE6-4C09-9AAD-A97F9C09F5C2}.Debug|Any CPU.Build.0 = Debug|Any CPU
		{E01664CA-BEE6-4C09-9AAD-A97F9C09F5C2}.Release|Any CPU.ActiveCfg = Release|Any CPU
		{E01664CA-BEE6-4C09-9AAD-A97F9C09F5C2}.Release|Any CPU.Build.0 = Release|Any CPU
		{74B99007-FA69-42F9-9716-52F19B974966}.Debug|Any CPU.ActiveCfg = Debug|Any CPU
		{74B99007-FA69-42F9-9716-52F19B974966}.Debug|Any CPU.Build.0 = Debug|Any CPU
		{74B99007-FA69-42F9-9716-52F19B974966}.Release|Any CPU.ActiveCfg = Release|Any CPU
		{74B99007-FA69-42F9-9716-52F19B974966}.Release|Any CPU.Build.0 = Release|Any CPU
		{610F5116-E0B9-4241-A5B1-337CFB233CBF}.Debug|Any CPU.ActiveCfg = Debug|Any CPU
		{610F5116-E0B9-4241-A5B1-337CFB233CBF}.Debug|Any CPU.Build.0 = Debug|Any CPU
		{610F5116-E0B9-4241-A5B1-337CFB233CBF}.Release|Any CPU.ActiveCfg = Release|Any CPU
		{610F5116-E0B9-4241-A5B1-337CFB233CBF}.Release|Any CPU.Build.0 = Release|Any CPU
		{BE07F6F2-9EB4-47A2-B8EB-69A291B4325C}.Debug|Any CPU.ActiveCfg = Debug|Any CPU
		{BE07F6F2-9EB4-47A2-B8EB-69A291B4325C}.Debug|Any CPU.Build.0 = Debug|Any CPU
		{BE07F6F2-9EB4-47A2-B8EB-69A291B4325C}.Release|Any CPU.ActiveCfg = Release|Any CPU
		{BE07F6F2-9EB4-47A2-B8EB-69A291B4325C}.Release|Any CPU.Build.0 = Release|Any CPU
		{31D9E771-4F3E-49A3-B91F-9CD4B87E233F}.Debug|Any CPU.ActiveCfg = Debug|Any CPU
		{31D9E771-4F3E-49A3-B91F-9CD4B87E233F}.Debug|Any CPU.Build.0 = Debug|Any CPU
		{31D9E771-4F3E-49A3-B91F-9CD4B87E233F}.Release|Any CPU.ActiveCfg = Release|Any CPU
		{31D9E771-4F3E-49A3-B91F-9CD4B87E233F}.Release|Any CPU.Build.0 = Release|Any CPU
		{F5B556D6-E48F-4742-8A1A-E1F18DE248F9}.Debug|Any CPU.ActiveCfg = Debug|Any CPU
		{F5B556D6-E48F-4742-8A1A-E1F18DE248F9}.Debug|Any CPU.Build.0 = Debug|Any CPU
		{F5B556D6-E48F-4742-8A1A-E1F18DE248F9}.Release|Any CPU.ActiveCfg = Release|Any CPU
		{F5B556D6-E48F-4742-8A1A-E1F18DE248F9}.Release|Any CPU.Build.0 = Release|Any CPU
		{B904002D-06BF-48E6-9E48-6FF13A4DFECB}.Debug|Any CPU.ActiveCfg = Debug|Any CPU
		{B904002D-06BF-48E6-9E48-6FF13A4DFECB}.Debug|Any CPU.Build.0 = Debug|Any CPU
		{B904002D-06BF-48E6-9E48-6FF13A4DFECB}.Release|Any CPU.ActiveCfg = Release|Any CPU
		{B904002D-06BF-48E6-9E48-6FF13A4DFECB}.Release|Any CPU.Build.0 = Release|Any CPU
	EndGlobalSection
	GlobalSection(SolutionProperties) = preSolution
		HideSolutionNode = FALSE
	EndGlobalSection
	GlobalSection(ExtensibilityGlobals) = postSolution
		SolutionGuid = {E3687970-67D2-4F2A-83CA-EEE841DF9B21}
	EndGlobalSection
EndGlobal
